{
  "nodes": {
    "mnw": {
      "locked": {
        "lastModified": 1763076462,
        "narHash": "sha256-zaoxXoR9rk7jRwfzpvAcoD1tPb6IK3WfpFd3x10aIg8=",
        "owner": "Gerg-L",
        "repo": "mnw",
        "rev": "5b634fd1b77b0e14b1034a4cf9bfc0bef3a22055",
        "type": "github"
      },
      "original": {
        "owner": "Gerg-L",
        "repo": "mnw",
        "type": "github"
      }
    },
    "nixpkgs": {
      "locked": {
        "lastModified": 1763835633,
        "narHash": "sha256-HzxeGVID5MChuCPESuC0dlQL1/scDKu+MmzoVBJxulM=",
        "owner": "NixOS",
        "repo": "nixpkgs",
        "rev": "050e09e091117c3d7328c7b2b7b577492c43c134",
        "type": "github"
      },
      "original": {
        "owner": "NixOS",
        "ref": "nixos-unstable",
        "repo": "nixpkgs",
        "type": "github"
      }
    },
    "root": {
      "inputs": {
        "mnw": "mnw",
        "nixpkgs": "nixpkgs"
      }
    }
  },
  "root": "root",
  "version": 7
}
